
Microsoft Visual Studio Solution File, Format Version 12.00
# Visual Studio Version 16
VisualStudioVersion = 16.0.29123.88
MinimumVisualStudioVersion = 10.0.40219.1
Project("{FAE04EC0-301F-11D3-BF4B-00C04F79EFBC}") = "Cw1", "Cw1.csproj", "{17B63A80-B022-48BE-BD71-34E1B6A76735}"
EndProject
Global
	GlobalSection(SolutionConfigurationPlatforms) = preSolution
		Debug|Any CPU = Debug|Any CPU
		Release|Any CPU = Release|Any CPU
	EndGlobalSection
	GlobalSection(ProjectConfigurationPlatforms) = postSolution
		{17B63A80-B022-48BE-BD71-34E1B6A76735}.Debug|Any CPU.ActiveCfg = Debug|Any CPU
		{17B63A80-B022-48BE-BD71-34E1B6A76735}.Debug|Any CPU.Build.0 = Debug|Any CPU
		{17B63A80-B022-48BE-BD71-34E1B6A76735}.Release|Any CPU.ActiveCfg = Release|Any CPU
		{17B63A80-B022-48BE-BD71-34E1B6A76735}.Release|Any CPU.Build.0 = Release|Any CPU
	EndGlobalSection
	GlobalSection(SolutionProperties) = preSolution
		HideSolutionNode = FALSE
	EndGlobalSection
	GlobalSection(ExtensibilityGlobals) = postSolution
		SolutionGuid = {E859B3D1-906A-4711-8501-BB062646CB36}
	EndGlobalSection
EndGlobal
